{
  "name": "led-widgets",
  "version": "0.1.0",
  "lockfileVersion": 2,
  "requires": true,
  "packages": {
    "": {
      "name": "led-widgets",
      "version": "0.1.0",
      "license": "MPL-2.0",
      "dependencies": {
        "bdfparser": "2.2.5",
        "fetchline": "1.0.1"
      }
    },
    "node_modules/bdfparser": {
      "version": "2.2.5",
      "resolved": "https://registry.npmjs.org/bdfparser/-/bdfparser-2.2.5.tgz",
      "integrity": "sha512-XztB/5cPhbZlg9SI5vfA0glt9KUu5y5EXY8MQx6/5pFK3XYElSuZ3HvtMbeET55IJTl4E3oAHbitjjSgd9X2fA==",
      "engines": {
        "node": ">= 12.0"
      }
    },
    "node_modules/fetchline": {
      "version": "1.0.1",
      "resolved": "https://registry.npmjs.org/fetchline/-/fetchline-1.0.1.tgz",
      "integrity": "sha512-I+rjYRXNpG8Ncl+8KOVcWAoony2Az6WnXiIdqingnVQmWSFDvmniBTFtZReYlqHhKcxH/+rYr2rMhgzJEnE9Sg==",
      "engines": {
        "deno": ">= 1.2.0"
      }
    }
  },
  "dependencies": {
    "bdfparser": {
      "version": "2.2.5",
      "resolved": "https://registry.npmjs.org/bdfparser/-/bdfparser-2.2.5.tgz",
      "integrity": "sha512-XztB/5cPhbZlg9SI5vfA0glt9KUu5y5EXY8MQx6/5pFK3XYElSuZ3HvtMbeET55IJTl4E3oAHbitjjSgd9X2fA=="
    },
    "fetchline": {
      "version": "1.0.1",
      "resolved": "https://registry.npmjs.org/fetchline/-/fetchline-1.0.1.tgz",
      "integrity": "sha512-I+rjYRXNpG8Ncl+8KOVcWAoony2Az6WnXiIdqingnVQmWSFDvmniBTFtZReYlqHhKcxH/+rYr2rMhgzJEnE9Sg=="
    }
  }
}
