{
  "name": "led-widgets",
  "version": "0.1.0",
  "lockfileVersion": 2,
  "requires": true,
  "packages": {
    "": {
      "name": "led-widgets",
      "version": "0.1.0",
      "license": "MPL-2.0",
      "dependencies": {
        "bdfparser": "2.2.5",
        "fetchline": "1.0.1",
        "modern-async": "^1.1.2"
      }
    },
    "node_modules/bdfparser": {
      "version": "2.2.5",
      "resolved": "https://registry.npmjs.org/bdfparser/-/bdfparser-2.2.5.tgz",
      "integrity": "sha512-XztB/5cPhbZlg9SI5vfA0glt9KUu5y5EXY8MQx6/5pFK3XYElSuZ3HvtMbeET55IJTl4E3oAHbitjjSgd9X2fA==",
      "engines": {
        "node": ">= 12.0"
      }
    },
    "node_modules/core-js-pure": {
      "version": "3.27.2",
      "resolved": "https://registry.npmjs.org/core-js-pure/-/core-js-pure-3.27.2.tgz",
      "integrity": "sha512-Cf2jqAbXgWH3VVzjyaaFkY1EBazxugUepGymDoeteyYr9ByX51kD2jdHZlsEF/xnJMyN3Prua7mQuzwMg6Zc9A==",
      "hasInstallScript": true,
      "funding": {
        "type": "opencollective",
        "url": "https://opencollective.com/core-js"
      }
    },
    "node_modules/fetchline": {
      "version": "1.0.1",
      "resolved": "https://registry.npmjs.org/fetchline/-/fetchline-1.0.1.tgz",
      "integrity": "sha512-I+rjYRXNpG8Ncl+8KOVcWAoony2Az6WnXiIdqingnVQmWSFDvmniBTFtZReYlqHhKcxH/+rYr2rMhgzJEnE9Sg==",
      "engines": {
        "deno": ">= 1.2.0"
      }
    },
    "node_modules/modern-async": {
      "version": "1.1.2",
      "resolved": "https://registry.npmjs.org/modern-async/-/modern-async-1.1.2.tgz",
      "integrity": "sha512-bgDB0Lg9u86SCDiBlkJGRbAAuArvQLiTwZKEjwL2DtZJMunnNYXS9GWyVBzcbKFnw/XmMpr19NkM/FHX3ce0VA==",
      "dependencies": {
        "core-js-pure": "^3.19.1",
        "nanoassert": "^2.0.0"
      }
    },
    "node_modules/nanoassert": {
      "version": "2.0.0",
      "resolved": "https://registry.npmjs.org/nanoassert/-/nanoassert-2.0.0.tgz",
      "integrity": "sha512-7vO7n28+aYO4J+8w96AzhmU8G+Y/xpPDJz/se19ICsqj/momRbb9mh9ZUtkoJ5X3nTnPdhEJyc0qnM6yAsHBaA=="
    }
  },
  "dependencies": {
    "bdfparser": {
      "version": "2.2.5",
      "resolved": "https://registry.npmjs.org/bdfparser/-/bdfparser-2.2.5.tgz",
      "integrity": "sha512-XztB/5cPhbZlg9SI5vfA0glt9KUu5y5EXY8MQx6/5pFK3XYElSuZ3HvtMbeET55IJTl4E3oAHbitjjSgd9X2fA=="
    },
    "core-js-pure": {
      "version": "3.27.2",
      "resolved": "https://registry.npmjs.org/core-js-pure/-/core-js-pure-3.27.2.tgz",
      "integrity": "sha512-Cf2jqAbXgWH3VVzjyaaFkY1EBazxugUepGymDoeteyYr9ByX51kD2jdHZlsEF/xnJMyN3Prua7mQuzwMg6Zc9A=="
    },
    "fetchline": {
      "version": "1.0.1",
      "resolved": "https://registry.npmjs.org/fetchline/-/fetchline-1.0.1.tgz",
      "integrity": "sha512-I+rjYRXNpG8Ncl+8KOVcWAoony2Az6WnXiIdqingnVQmWSFDvmniBTFtZReYlqHhKcxH/+rYr2rMhgzJEnE9Sg=="
    },
    "modern-async": {
      "version": "1.1.2",
      "resolved": "https://registry.npmjs.org/modern-async/-/modern-async-1.1.2.tgz",
      "integrity": "sha512-bgDB0Lg9u86SCDiBlkJGRbAAuArvQLiTwZKEjwL2DtZJMunnNYXS9GWyVBzcbKFnw/XmMpr19NkM/FHX3ce0VA==",
      "requires": {
        "core-js-pure": "^3.19.1",
        "nanoassert": "^2.0.0"
      }
    },
    "nanoassert": {
      "version": "2.0.0",
      "resolved": "https://registry.npmjs.org/nanoassert/-/nanoassert-2.0.0.tgz",
      "integrity": "sha512-7vO7n28+aYO4J+8w96AzhmU8G+Y/xpPDJz/se19ICsqj/momRbb9mh9ZUtkoJ5X3nTnPdhEJyc0qnM6yAsHBaA=="
    }
  }
}
